
Microsoft Visual Studio Solution File, Format Version 12.00
# Visual Studio 15
VisualStudioVersion = 15.0.28307.1259
MinimumVisualStudioVersion = 10.0.40219.1
Project("{8BC9CEB8-8B4A-11D0-8D11-00A0C91BC942}") = "HW", "HW\HW.vcxproj", "{F529989D-0F65-495E-B116-9FAE9C925D52}"
EndProject
Global
	GlobalSection(SolutionConfigurationPlatforms) = preSolution
		Debug|x64 = Debug|x64
		Debug|x86 = Debug|x86
		Release|x64 = Release|x64
		Release|x86 = Release|x86
	EndGlobalSection
	GlobalSection(ProjectConfigurationPlatforms) = postSolution
		{F529989D-0F65-495E-B116-9FAE9C925D52}.Debug|x64.ActiveCfg = Debug|x64
		{F529989D-0F65-495E-B116-9FAE9C925D52}.Debug|x64.Build.0 = Debug|x64
		{F529989D-0F65-495E-B116-9FAE9C925D52}.Debug|x86.ActiveCfg = Debug|Win32
		{F529989D-0F65-495E-B116-9FAE9C925D52}.Debug|x86.Build.0 = Debug|Win32
		{F529989D-0F65-495E-B116-9FAE9C925D52}.Release|x64.ActiveCfg = Release|x64
		{F529989D-0F65-495E-B116-9FAE9C925D52}.Release|x64.Build.0 = Release|x64
		{F529989D-0F65-495E-B116-9FAE9C925D52}.Release|x86.ActiveCfg = Release|Win32
		{F529989D-0F65-495E-B116-9FAE9C925D52}.Release|x86.Build.0 = Release|Win32
	EndGlobalSection
	GlobalSection(SolutionProperties) = preSolution
		HideSolutionNode = FALSE
	EndGlobalSection
	GlobalSection(ExtensibilityGlobals) = postSolution
		SolutionGuid = {42FB343E-B77A-434C-9693-F7E7EFB8EED0}
	EndGlobalSection
EndGlobal
